
Microsoft Visual Studio Solution File, Format Version 12.00
# Visual Studio Version 17
VisualStudioVersion = 17.0.31903.59
MinimumVisualStudioVersion = 10.0.40219.1
Project("{FAE04EC0-301F-11D3-BF4B-00C04F79EFBC}") = "CoreDocuNexus.Api", "CoreDocuNexus.Api\CoreDocuNexus.Api.csproj", "{487C0491-B414-407B-B420-CF12098055BA}"
EndProject
Project("{FAE04EC0-301F-11D3-BF4B-00C04F79EFBC}") = "CoreDocuNexus.Web", "CoreDocuNexus.Web\CoreDocuNexus.Web.csproj", "{CCC68B8F-7EAE-55C5-5FAC-3D0C268AA8FE}"
EndProject
Project("{FAE04EC0-301F-11D3-BF4B-00C04F79EFBC}") = "CoreDocuNexus.Contracts", "CoreDocuNexus.Contracts\CoreDocuNexus.Contracts.csproj", "{443823DE-7CBB-6224-63D0-6111D3B6199C}"
EndProject
Project("{FAE04EC0-301F-11D3-BF4B-00C04F79EFBC}") = "CoreDocuNexus.Infrastructure", "CoreDocuNexus.Infrastructure\CoreDocuNexus.Infrastructure.csproj", "{D6826522-0F3E-1768-8B3D-CDACCCE21D7C}"
EndProject
Project("{FAE04EC0-301F-11D3-BF4B-00C04F79EFBC}") = "CoreDocuNexus.Shared", "CoreDocuNexus.Shared\CoreDocuNexus.Shared.csproj", "{F12A26F5-E464-46F0-6900-5BEE57CE5B9D}"
EndProject
Project("{FAE04EC0-301F-11D3-BF4B-00C04F79EFBC}") = "CoreDocuNexus.Features", "CoreDocuNexus.Features\CoreDocuNexus.Features.csproj", "{7FC5FDAD-A5F4-47EA-AB7F-56BE713A7183}"
EndProject
Global
	GlobalSection(SolutionConfigurationPlatforms) = preSolution
		Debug|Any CPU = Debug|Any CPU
		Release|Any CPU = Release|Any CPU
	EndGlobalSection
	GlobalSection(ProjectConfigurationPlatforms) = postSolution
		{487C0491-B414-407B-B420-CF12098055BA}.Debug|Any CPU.ActiveCfg = Debug|Any CPU
		{487C0491-B414-407B-B420-CF12098055BA}.Debug|Any CPU.Build.0 = Debug|Any CPU
		{487C0491-B414-407B-B420-CF12098055BA}.Release|Any CPU.ActiveCfg = Release|Any CPU
		{487C0491-B414-407B-B420-CF12098055BA}.Release|Any CPU.Build.0 = Release|Any CPU
		{CCC68B8F-7EAE-55C5-5FAC-3D0C268AA8FE}.Debug|Any CPU.ActiveCfg = Debug|Any CPU
		{CCC68B8F-7EAE-55C5-5FAC-3D0C268AA8FE}.Debug|Any CPU.Build.0 = Debug|Any CPU
		{CCC68B8F-7EAE-55C5-5FAC-3D0C268AA8FE}.Release|Any CPU.ActiveCfg = Release|Any CPU
		{CCC68B8F-7EAE-55C5-5FAC-3D0C268AA8FE}.Release|Any CPU.Build.0 = Release|Any CPU
		{443823DE-7CBB-6224-63D0-6111D3B6199C}.Debug|Any CPU.ActiveCfg = Debug|Any CPU
		{443823DE-7CBB-6224-63D0-6111D3B6199C}.Debug|Any CPU.Build.0 = Debug|Any CPU
		{443823DE-7CBB-6224-63D0-6111D3B6199C}.Release|Any CPU.ActiveCfg = Release|Any CPU
		{443823DE-7CBB-6224-63D0-6111D3B6199C}.Release|Any CPU.Build.0 = Release|Any CPU
		{D6826522-0F3E-1768-8B3D-CDACCCE21D7C}.Debug|Any CPU.ActiveCfg = Debug|Any CPU
		{D6826522-0F3E-1768-8B3D-CDACCCE21D7C}.Debug|Any CPU.Build.0 = Debug|Any CPU
		{D6826522-0F3E-1768-8B3D-CDACCCE21D7C}.Release|Any CPU.ActiveCfg = Release|Any CPU
		{D6826522-0F3E-1768-8B3D-CDACCCE21D7C}.Release|Any CPU.Build.0 = Release|Any CPU
		{F12A26F5-E464-46F0-6900-5BEE57CE5B9D}.Debug|Any CPU.ActiveCfg = Debug|Any CPU
		{F12A26F5-E464-46F0-6900-5BEE57CE5B9D}.Debug|Any CPU.Build.0 = Debug|Any CPU
		{F12A26F5-E464-46F0-6900-5BEE57CE5B9D}.Release|Any CPU.ActiveCfg = Release|Any CPU
		{F12A26F5-E464-46F0-6900-5BEE57CE5B9D}.Release|Any CPU.Build.0 = Release|Any CPU
		{7FC5FDAD-A5F4-47EA-AB7F-56BE713A7183}.Debug|Any CPU.ActiveCfg = Debug|Any CPU
		{7FC5FDAD-A5F4-47EA-AB7F-56BE713A7183}.Debug|Any CPU.Build.0 = Debug|Any CPU
		{7FC5FDAD-A5F4-47EA-AB7F-56BE713A7183}.Release|Any CPU.ActiveCfg = Release|Any CPU
		{7FC5FDAD-A5F4-47EA-AB7F-56BE713A7183}.Release|Any CPU.Build.0 = Release|Any CPU
	EndGlobalSection
	GlobalSection(SolutionProperties) = preSolution
		HideSolutionNode = FALSE
	EndGlobalSection
	GlobalSection(ExtensibilityGlobals) = postSolution
		SolutionGuid = {6275DE9D-A0A4-41A9-987D-6BFAFA0647A4}
	EndGlobalSection
EndGlobal
